Microsoft Visual Studio Solution File, Format Version 12.00
# Visual Studio Version 17
VisualStudioVersion = 17.5.2.0
MinimumVisualStudioVersion = 10.0.40219.1
Project("{FAE04EC0-301F-11D3-BF4B-00C04F79EFBC}") = "PisApp", "PisApp\PisApp.csproj", "{22B8B38B-C117-105F-B61E-1AE149BB56EF}"
EndProject
Global
	GlobalSection(SolutionConfigurationPlatforms) = preSolution
		Debug|Any CPU = Debug|Any CPU
		Release|Any CPU = Release|Any CPU
	EndGlobalSection
	GlobalSection(ProjectConfigurationPlatforms) = postSolution
		{22B8B38B-C117-105F-B61E-1AE149BB56EF}.Debug|Any CPU.ActiveCfg = Debug|Any CPU
		{22B8B38B-C117-105F-B61E-1AE149BB56EF}.Debug|Any CPU.Build.0 = Debug|Any CPU
		{22B8B38B-C117-105F-B61E-1AE149BB56EF}.Release|Any CPU.ActiveCfg = Release|Any CPU
		{22B8B38B-C117-105F-B61E-1AE149BB56EF}.Release|Any CPU.Build.0 = Release|Any CPU
	EndGlobalSection
	GlobalSection(SolutionProperties) = preSolution
		HideSolutionNode = FALSE
	EndGlobalSection
	GlobalSection(ExtensibilityGlobals) = postSolution
		SolutionGuid = {CE1EB3C2-ED98-4248-BD5D-C392913CD048}
	EndGlobalSection
EndGlobal
